github.com/CzarSimon/user-service/pkg/auth v0.0.0-20190414180801-c727ef98bd13 h1:sDrTxCqto4sGf64I2XfTTW3zH05NuYnABf+gKPiHJgc=
github.com/CzarSimon/user-service/pkg/auth v0.0.0-20190414180801-c727ef98bd13/go.mod h1:Vkc76TUxrO+Rl66Y+5V6D6PmKgbDmiqQTWJrgn0TXac=
github.com/CzarSimon/user-service/pkg/auth v0.0.0-20190414213512-6f2a7ae6afb1 h1:nxE8Ytc/9INQPl4MYKwLEE6L5WpBdUhVG3NQLcpWX2k=
github.com/CzarSimon/user-service/pkg/auth v0.0.0-20190414213512-6f2a7ae6afb1/go.mod h1:Vkc76TUxrO+Rl66Y+5V6D6PmKgbDmiqQTWJrgn0TXac=
github.com/CzarSimon/user-service/pkg/httputil v0.0.0-20190414180801-c727ef98bd13 h1:5Y7G1MUhY/JuOe4/5KplpP2wR0p31ycxW7FJGhSK7r0=
github.com/CzarSimon/user-service/pkg/httputil v0.0.0-20190414180801-c727ef98bd13/go.mod h1:c5myzuHBeshAYIBjqSMEdEOaD5MshmVfd1K/RXfaVag=
github.com/CzarSimon/user-service/pkg/httputil v0.0.0-20190414213512-6f2a7ae6afb1 h1:ty0ytd8WKyGL37FjEIBc6bXFYlgeq/DtNa14i98dbA0=
github.com/CzarSimon/user-service/pkg/httputil v0.0.0-20190414213512-6f2a7ae6afb1/go.mod h1:c5myzuHBeshAYIBjqSMEdEOaD5MshmVfd1K/RXfaVag=
github.com/CzarSimon/user-service/pkg/id v0.0.0-20190410202449-fff9f20481f6 h1:Y66cFPTjwuM4rTYjNVe/Mv7wz9d42hHR/6SzltBuXzk=
github.com/CzarSimon/user-service/pkg/id v0.0.0-20190410202449-fff9f20481f6/go.mod h1:Aq9+jihejP81+uiBXB3oAyFcE296GH6oVHyLFOS7Rz8=
github.com/CzarSimon/user-service/pkg/id v0.0.0-20190410205540-099a8de0e759/go.mod h1:Aq9+jihejP81+uiBXB3oAyFcE296GH6oVHyLFOS7Rz8=
github.com/CzarSimon/user-service/pkg/id v0.0.0-20190414114824-48b5a2012d07 h1:7pyBb3aRzskuBObeJaTTbDfdSk8mgBW2ZuarEZGHxYM=
github.com/CzarSimon/user-service/pkg/id v0.0.0-20190414114824-48b5a2012d07/go.mod h1:Aq9+jihejP81+uiBXB3oAyFcE296GH6oVHyLFOS7Rz8=
github.com/CzarSimon/user-service/pkg/models v0.0.0-20190414114824-48b5a2012d07/go.mod h1:muvR+DSvy/idZSLVX7yiZxZqO/tKh+in/a/sUZmV9nE=
github.com/CzarSimon/user-service/pkg/models v0.0.0-20190414160731-0c1651c4764e/go.mod h1:muvR+DSvy/idZSLVX7yiZxZqO/tKh+in/a/sUZmV9nE=
github.com/CzarSimon/user-service/pkg/models v0.0.0-20190414180801-c727ef98bd13 h1:NKaj6MhAu7esOrMQLBL1Y3iNWtIk+zh9rOZ7K8D+Bbc=
github.com/CzarSimon/user-service/pkg/models v0.0.0-20190414180801-c727ef98bd13/go.mod h1:muvR+DSvy/idZSLVX7yiZxZqO/tKh+in/a/sUZmV9nE=
github.com/CzarSimon/user-service/pkg/models v0.0.0-20190414213512-6f2a7ae6afb1 h1:YMG+ALID/AawUeCsn2meOO9dLdhkvfI4xCu1YL0oMGk=
github.com/CzarSimon/user-service/pkg/models v0.0.0-20190414213512-6f2a7ae6afb1/go.mod h1:muvR+DSvy/idZSLVX7yiZxZqO/tKh+in/a/sUZmV9nE=
github.com/CzarSimon/user-service/pkg/models v0.0.0-20190422220805-88b62d6f6bb3 h1:wHkq8K4wPQnw0czh7qXJCGLuRYwUbQr+N/Ry0nM1YcY=
github.com/CzarSimon/user-service/pkg/models v0.0.0-20190422220805-88b62d6f6bb3/go.mod h1:muvR+DSvy/idZSLVX7yiZxZqO/tKh+in/a/sUZmV9nE=
github.com/CzarSimon/user-service/pkg/models v0.0.0-20190423193538-97a479935a48 h1:b/hkQF6RKS3omWYscVumnpylQZtKSB291YMjSnazZv8=
github.com/CzarSimon/user-service/pkg/models v0.0.0-20190423193538-97a479935a48/go.mod h1:muvR+DSvy/idZSLVX7yiZxZqO/tKh+in/a/sUZmV9nE=
github.com/CzarSimon/user-service/pkg/models v0.0.0-20190423201041-96646a9231a8 h1:8RwnBAYWKfkuyyyAe7rgvzqgF0kMqoml+ZaW75H+LrE=
github.com/CzarSimon/user-service/pkg/models v0.0.0-20190423201041-96646a9231a8/go.mod h1:lfSoxSfoTM2yRhC31+RZ9VLE982t8EBPtGDmFHocm0I=
github.com/CzarSimon/user-service/pkg/repository v0.0.0-20190414180801-c727ef98bd13 h1:2rPE7MxixdlUL9XEfVNI0W+0bzQZbnmf+oih9ILvcOc=
github.com/CzarSimon/user-service/pkg/repository v0.0.0-20190414180801-c727ef98bd13/go.mod h1:mY6/xvyC7cSlh3u8hHeNC7Ro7ZyfsL8Febzq3wJTmmM=
github.com/CzarSimon/user-service/pkg/repository v0.0.0-20190414213512-6f2a7ae6afb1 h1:skTauiBc6aS57T/FKKyWxIFlMaXfu2aClq6O5T9N2NU=
github.com/CzarSimon/user-service/pkg/repository v0.0.0-20190414213512-6f2a7ae6afb1/go.mod h1:QWSVGojHuUWlb921nbkQy/UVkgsEJQYoPMOYp0hERjY=
github.com/CzarSimon/user-service/pkg/repository v0.0.0-20190422063655-b471c4076ad2 h1:TOO1mXxicN1wnB3k16bVcyNG0okbx2Y2E9PDV5lPvFY=
github.com/CzarSimon/user-service/pkg/repository v0.0.0-20190422063655-b471c4076ad2/go.mod h1:QWSVGojHuUWlb921nbkQy/UVkgsEJQYoPMOYp0hERjY=
github.com/CzarSimon/user-service/pkg/repository v0.0.0-20190423194243-bb8b9a2c67f2 h1:q8WOn7SHxJZVskDdGLmGeTGaB1r385mFSBUs9PpuTCg=
github.com/CzarSimon/user-service/pkg/repository v0.0.0-20190423194243-bb8b9a2c67f2/go.mod h1:lm4/4i50EyssjVO1jmNvVz51Oi1s+5FfH4y1WU/da6M=
github.com/CzarSimon/user-service/pkg/repository/repotest v0.0.0-20190414180801-c727ef98bd13 h1:qKsy8jRlEnHzGueoqeLd6ba1ubhFx5cPdCSj0B0fsoo=
github.com/CzarSimon/user-service/pkg/repository/repotest v0.0.0-20190414180801-c727ef98bd13/go.mod h1:Vm/NrBbjWhdnRCKjpkENmYWVOGMLyWFsx4lsyzyvfFM=
github.com/CzarSimon/user-service/pkg/repository/repotest v0.0.0-20190414213512-6f2a7ae6afb1 h1:FstjEs9Pb6F6AW4xUbqBxIHf/sk881Od4BVPAGDQFTI=
github.com/CzarSimon/user-service/pkg/repository/repotest v0.0.0-20190414213512-6f2a7ae6afb1/go.mod h1:Vm/NrBbjWhdnRCKjpkENmYWVOGMLyWFsx4lsyzyvfFM=
github.com/CzarSimon/user-service/pkg/repository/repotest v0.0.0-20190422063655-b471c4076ad2 h1:sGdTOyc36WGMvLZYqbS4N76WFY4stgQPvhsZxd4W8eM=
github.com/CzarSimon/user-service/pkg/repository/repotest v0.0.0-20190422063655-b471c4076ad2/go.mod h1:Vm/NrBbjWhdnRCKjpkENmYWVOGMLyWFsx4lsyzyvfFM=
github.com/CzarSimon/user-service/pkg/repository/repotest v0.0.0-20190423194243-bb8b9a2c67f2 h1:NP4Tn7PF1Q++mKDty9hWHL35EKx+BjEv8r+8zgLpnYQ=
github.com/CzarSimon/user-service/pkg/repository/repotest v0.0.0-20190423194243-bb8b9a2c67f2/go.mod h1:HjJsZ2xmPN2jLQByHBgJ+wv6cSY0lYmlRzvvDDxCIYU=
github.com/davecgh/go-spew v1.1.0 h1:ZDRjVQ15GmhC3fiQ8ni8+OwkZQO4DARzQgrnXU1Liz8=
github.com/davecgh/go-spew v1.1.0/go.mod h1:J7Y8YcW2NihsgmVo/mv3lAwl/skON4iLHjSsI+c5H38=
github.com/gin-contrib/sse v0.0.0-20190301062529-5545eab6dad3 h1:t8FVkw33L+wilf2QiWkw0UV77qRpcH/JHPKGpKa2E8g=
github.com/gin-contrib/sse v0.0.0-20190301062529-5545eab6dad3/go.mod h1:VJ0WA2NBN22VlZ2dKZQPAPnyWw5XTlK1KymzLKsr59s=
github.com/gin-gonic/gin v1.3.0 h1:kCmZyPklC0gVdL728E6Aj20uYBJV93nj/TkwBTKhFbs=
github.com/gin-gonic/gin v1.3.0/go.mod h1:7cKuhb5qV2ggCFctp2fJQ+ErvciLZrIeoOSOm6mUr7Y=
github.com/golang/protobuf v1.3.1 h1:YF8+flBXS5eO826T4nzqPrxfhQThhXl0YzfuUPu4SBg=
github.com/golang/protobuf v1.3.1/go.mod h1:6lQm79b+lXiMfvg/cZm0SGofjICqVBUtrP5yJMmIC1U=
github.com/kr/pretty v0.1.0/go.mod h1:dAy3ld7l9f0ibDNOQOHHMYYIIbhfbHSm3C4ZsoJORNo=
github.com/kr/pty v1.1.1/go.mod h1:pFQYn66WHrOpPYNljwOMqo10TkYh1fy3cYio2l3bCsQ=
github.com/kr/text v0.1.0/go.mod h1:4Jbv+DJW3UT/LiOwJeYQe1efqtUx/iVham/4vfdArNI=
github.com/mattn/go-isatty v0.0.7 h1:UvyT9uN+3r7yLEYSlJsbQGdsaB/a0DlgWP3pql6iwOc=
github.com/mattn/go-isatty v0.0.7/go.mod h1:Iq45c/XA43vh69/j3iqttzPXn0bhXyGjM0Hdxcsrc5s=
github.com/mimir-news/pkg v0.0.0-20190121200947-8a9f96ba3037 h1:l3l4nCMbLvS6CF+gnADzS2nn/d8tnuowrmsMWUWEz6I=
github.com/mimir-news/pkg v0.0.0-20190121200947-8a9f96ba3037/go.mod h1:56VnezYq4JPmYiVRE/FKnjIFgCvIi4iYK3qX5As1zXM=
github.com/pkg/errors v0.8.1 h1:iURUrRGxPUNPdy5/HRSm+Yj6okJ6UtLINN0Q9M4+h3I=
github.com/pkg/errors v0.8.1/go.mod h1:bwawxfHBFNV+L2hUp1rHADufV3IMtnDRdf1r5NINEl0=
github.com/pmezard/go-difflib v1.0.0 h1:4DBwDE0NGyQoBHbLQYPwSUPoCMWR5BEzIk/f1lZbAQM=
github.com/pmezard/go-difflib v1.0.0/go.mod h1:iKH77koFhYxTK1pcRnkKkqfTogsbg7gZNVY4sRDYZ/4=
github.com/satori/go.uuid v1.2.0 h1:0uYX9dsZ2yD7q2RtLRtPSdGDWzjeM3TbMJP9utgA0ww=
github.com/satori/go.uuid v1.2.0/go.mod h1:dA0hQrYB0VpLJoorglMZABFdXlWrHn1NEOzdhQKdks0=
github.com/stretchr/objx v0.1.0/go.mod h1:HFkY916IF+rwdDfMAkV7OtwuqBVzrE8GR6GFx+wExME=
github.com/stretchr/testify v1.3.0 h1:TivCn/peBQ7UY8ooIcPgZFpTNSz0Q2U6UrFlUfqbe0Q=
github.com/stretchr/testify v1.3.0/go.mod h1:M5WIy9Dh21IEIfnGCwXGc5bZfKNJtfHm1UVUgZn+9EI=
github.com/ugorji/go v1.1.4 h1:j4s+tAvLfL3bZyefP2SEWmhBzmuIlH/eqNuPdFPgngw=
github.com/ugorji/go v1.1.4/go.mod h1:uQMGLiO92mf5W77hV/PUCpI3pbzQx3CRekS0kk+RGrc=
go.uber.org/atomic v1.3.2 h1:2Oa65PReHzfn29GpvgsYwloV9AVFHPDk8tYxt2c2tr4=
go.uber.org/atomic v1.3.2/go.mod h1:gD2HeocX3+yG+ygLZcrzQJaqmWj9AIm7n08wl/qW/PE=
go.uber.org/multierr v1.1.0 h1:HoEmRHQPVSqub6w2z2d2EOVs2fjyFRGyofhKuyDq0QI=
go.uber.org/multierr v1.1.0/go.mod h1:wR5kodmAFQ0UK8QlbwjlSNy0Z68gJhDJUG5sjR94q/0=
go.uber.org/zap v1.9.1 h1:XCJQEf3W6eZaVwhRBof6ImoYGJSITeKWsyeh3HFu/5o=
go.uber.org/zap v1.9.1/go.mod h1:vwi/ZaCAaUcBkycHslxD9B2zi4UTXhF60s6SWpuDF0Q=
golang.org/x/crypto v0.0.0-20190411191339-88737f569e3a h1:Igim7XhdOpBnWPuYJ70XcNpq8q3BCACtVgNfoJxOV7g=
golang.org/x/crypto v0.0.0-20190411191339-88737f569e3a/go.mod h1:WFFai1msRO1wXaEeE5yQxYXgSfI8pQAWXbQop6sCtWE=
golang.org/x/sys v0.0.0-20190222072716-a9d3bda3a223/go.mod h1:STP8DvDyc/dI5b8T5hshtkjS+E42TnysNCUPdjciGhY=
golang.org/x/sys v0.0.0-20190403152447-81d4e9dc473e/go.mod h1:h1NjWce9XRLGQEsW7wpKNCjG9DtNlClVuFLEZdDNbEs=
gopkg.in/check.v1 v0.0.0-20161208181325-20d25e280405/go.mod h1:Co6ibVJAznAaIkqp8huTwlJQCZ016jof/cbN4VW5Yz0=
gopkg.in/check.v1 v1.0.0-20180628173108-788fd7840127/go.mod h1:Co6ibVJAznAaIkqp8huTwlJQCZ016jof/cbN4VW5Yz0=
gopkg.in/go-playground/validator.v8 v8.18.2 h1:lFB4DoMU6B626w8ny76MV7VX6W2VHct2GVOI3xgiMrQ=
gopkg.in/go-playground/validator.v8 v8.18.2/go.mod h1:RX2a/7Ha8BgOhfk7j780h4/u/RRjR0eouCJSH80/M2Y=
gopkg.in/square/go-jose.v2 v2.3.1 h1:SK5KegNXmKmqE342YYN2qPHEnUYeoMiXXl1poUlI+o4=
gopkg.in/square/go-jose.v2 v2.3.1/go.mod h1:M9dMgbHiYLoDGQrXy7OpJDJWiKiU//h+vD76mk0e1AI=
gopkg.in/yaml.v2 v2.2.2 h1:ZCJp+EgiOT7lHqUV2J862kp8Qj64Jo6az82+3Td9dZw=
gopkg.in/yaml.v2 v2.2.2/go.mod h1:hI93XBmqTisBFMUTm0b8Fm+jr3Dg1NNxqwp+5A1VGuI=
